<?xml version="1.0" encoding="utf-8"?>
<Project ToolsVersion="4.0" xmlns="http://schemas.microsoft.com/developer/msbuild/2003">
  <ItemGroup>
    <ClCompile Include="src\dllmain.cpp" />
    <ClCompile Include="src\console\console.cpp" />
    <ClCompile Include="src\utils\utils.cpp" />
    <ClCompile Include="src\hooks\hooks.cpp" />
    <ClCompile Include="src\dependencies\imgui\imgui.cpp" />
    <ClCompile Include="src\dependencies\imgui\imgui_demo.cpp" />
    <ClCompile Include="src\dependencies\imgui\imgui_draw.cpp" />
    <ClCompile Include="src\dependencies\imgui\imgui_impl_dx9.cpp" />
    <ClCompile Include="src\dependencies\imgui\imgui_impl_win32.cpp" />
    <ClCompile Include="src\dependencies\imgui\imgui_tables.cpp" />
    <ClCompile Include="src\dependencies\imgui\imgui_widgets.cpp" />
    <ClCompile Include="src\dependencies\minhook\hde\hde32.c" />
    <ClCompile Include="src\dependencies\minhook\hde\hde64.c" />
    <ClCompile Include="src\dependencies\minhook\buffer.c" />
    <ClCompile Include="src\dependencies\minhook\hook.c" />
    <ClCompile Include="src\dependencies\minhook\trampoline.c" />
    <ClCompile Include="src\hooks\backend\dx11\hook_directx11.cpp" />
    <ClCompile Include="src\dependencies\imgui\imgui_impl_dx11.cpp" />
    <ClCompile Include="src\dependencies\imgui\imgui_impl_dx12.cpp" />
    <ClCompile Include="src\dependencies\imgui\imgui_impl_dx10.cpp" />
    <ClCompile Include="src\dependencies\imgui\imgui_impl_opengl3.cpp" />
    <ClCompile Include="src\menu\menu.cpp" />
    <ClCompile Include="src\setting\Setting.cpp" />
    <ClCompile Include="src\data\Data.cpp" />
    <ClCompile Include="src\Utility\Utility.cpp" />
    <ClCompile Include="src\Algorithm\Algorithm.cpp" />
    <ClCompile Include="font\font_awesome.cpp" />
    <ClCompile Include="font\LiteFont.h" />
    <ClCompile Include="AimForm\AimForm.cpp" />
    <ClCompile Include="config\Config.cpp" />
    <ClCompile Include="Driver\Driver.cpp" />
    <ClCompile Include="mathnvec\Vector.cpp" />
    <ClCompile Include="mathnvec\Radar.cpp" />
    <ClCompile Include="mathnvec\RadarVec.cpp" />
    <ClCompile Include="Teammate\Teammate.cpp" />
    <ClCompile Include="KeyAuthConfig.cpp" />
    <ClCompile Include="mathnvec\MathV.cpp" />
    <ClCompile Include="src\data\FarsiType.cpp" />
  </ItemGroup>
  <ItemGroup>
    <ClInclude Include="src\console\console.hpp" />
    <ClInclude Include="src\hooks\hooks.hpp" />
    <ClInclude Include="src\utils\utils.hpp" />
    <ClInclude Include="src\dependencies\imgui\imconfig.h" />
    <ClInclude Include="src\dependencies\imgui\imgui.h" />
    <ClInclude Include="src\dependencies\imgui\imgui_impl_dx9.h" />
    <ClInclude Include="src\dependencies\imgui\imgui_impl_win32.h" />
    <ClInclude Include="src\dependencies\imgui\imgui_internal.h" />
    <ClInclude Include="src\dependencies\imgui\imstb_rectpack.h" />
    <ClInclude Include="src\dependencies\imgui\imstb_textedit.h" />
    <ClInclude Include="src\dependencies\imgui\imstb_truetype.h" />
    <ClInclude Include="src\dependencies\minhook\hde\hde32.h" />
    <ClInclude Include="src\dependencies\minhook\hde\hde64.h" />
    <ClInclude Include="src\dependencies\minhook\hde\pstdint.h" />
    <ClInclude Include="src\dependencies\minhook\hde\table32.h" />
    <ClInclude Include="src\dependencies\minhook\hde\table64.h" />
    <ClInclude Include="src\dependencies\minhook\buffer.h" />
    <ClInclude Include="src\dependencies\minhook\MinHook.h" />
    <ClInclude Include="src\dependencies\minhook\trampoline.h" />
    <ClInclude Include="src\hooks\backend\dx11\hook_directx11.hpp" />
    <ClInclude Include="src\dependencies\imgui\imgui_impl_dx11.h" />
    <ClInclude Include="src\dependencies\imgui\imgui_impl_dx12.h" />
    <ClInclude Include="src\dependencies\imgui\imgui_impl_dx10.h" />
    <ClInclude Include="src\dependencies\imgui\imgui_impl_opengl3.h" />
    <ClInclude Include="src\dependencies\imgui\imgui_impl_opengl3_loader.h" />
    <ClInclude Include="src\backend.hpp" />
    <ClInclude Include="src\menu\menu.hpp" />
    <ClInclude Include="src\setting\Setting.h" />
    <ClInclude Include="src\data\Data.h" />
    <ClInclude Include="src\Utility\Utility.h" />
    <ClInclude Include="src\Algorithm\Algorithm.h" />
    <ClInclude Include="src\offset.h" />
    <ClInclude Include="font\font_awesome.h" />
    <ClInclude Include="AimForm\AimForm.h" />
    <ClInclude Include="xorstr.hpp" />
    <ClInclude Include="config\Config.h" />
    <ClInclude Include="resource.h" />
    <ClInclude Include="Driver\Driver.h" />
    <ClInclude Include="mathnvec\Vector.h" />
    <ClInclude Include="src\dependencies\imgui\fa_solid_900.h" />
    <ClInclude Include="src\dependencies\imgui\font_awesome_5.h" />
    <ClInclude Include="src\dependencies\imgui\imgui_notify.h" />
    <ClInclude Include="src\data\def.h" />
    <ClInclude Include="src\Notify\fa_solid_900.h" />
    <ClInclude Include="src\Notify\font_awesome_5.h" />
    <ClInclude Include="src\Notify\imgui_notify.h" />
    <ClInclude Include="stb_image.h" />
    <ClInclude Include="Teammate\Teammate.h" />
    <ClInclude Include="src\utils\ini.h" />
    <ClInclude Include="KeyAuthConfig.h" />
    <ClInclude Include="mathnvec\MathV.h" />
    <ClInclude Include="src\data\FarsiType.h" />
  </ItemGroup>
  <ItemGroup>
    <None Include="d3d9.def" />
  </ItemGroup>
  <ItemGroup>
    <ResourceCompile Include="Internal-SGPU.rc" />
  </ItemGroup>
</Project>